
Microsoft Visual Studio Solution File, Format Version 12.00
# Visual Studio Version 17
VisualStudioVersion = 17.4.33122.133
MinimumVisualStudioVersion = 10.0.40219.1
Project("{FAE04EC0-301F-11D3-BF4B-00C04F79EFBC}") = "SystemIOWinForm", "SystemIOWinForm\SystemIOWinForm.csproj", "{18F50BE0-79A1-4515-A381-299883670E64}"
EndProject
Global
	GlobalSection(SolutionConfigurationPlatforms) = preSolution
		Debug|Any CPU = Debug|Any CPU
		Release|Any CPU = Release|Any CPU
	EndGlobalSection
	GlobalSection(ProjectConfigurationPlatforms) = postSolution
		{18F50BE0-79A1-4515-A381-299883670E64}.Debug|Any CPU.ActiveCfg = Debug|Any CPU
		{18F50BE0-79A1-4515-A381-299883670E64}.Debug|Any CPU.Build.0 = Debug|Any CPU
		{18F50BE0-79A1-4515-A381-299883670E64}.Release|Any CPU.ActiveCfg = Release|Any CPU
		{18F50BE0-79A1-4515-A381-299883670E64}.Release|Any CPU.Build.0 = Release|Any CPU
	EndGlobalSection
	GlobalSection(SolutionProperties) = preSolution
		HideSolutionNode = FALSE
	EndGlobalSection
	GlobalSection(ExtensibilityGlobals) = postSolution
		SolutionGuid = {E482FA7C-B7D0-47C2-AD58-59A33D536C45}
	EndGlobalSection
EndGlobal
